// !$*UTF8*$!
{
	archiveVersion = 1;
	classes = {
	};
	objectVersion = 38;
	objects = {
		0117A9DB005D908D7F000001 = {
			isa = PBXBundleReference;
			path = Flocks.saver;
			refType = 3;
		};
		0117A9DC005D908D7F000001 = {
			buildRules = (
			);
			buildSettings = {
				COPY_PHASE_STRIP = NO;
				OPTIMIZATION_CFLAGS = "-O0";
			};
			isa = PBXBuildStyle;
			name = Development;
		};
		0117A9DD005D908D7F000001 = {
			buildRules = (
			);
			buildSettings = {
				COPY_PHASE_STRIP = YES;
			};
			isa = PBXBuildStyle;
			name = Deployment;
		};
		0117A9DE005D913B7F000001 = {
			isa = PBXFrameworkReference;
			name = OpenGL.framework;
			path = /System/Library/Frameworks/OpenGL.framework;
			refType = 0;
		};
		0117A9DF005D913B7F000001 = {
			fileRef = 0117A9DE005D913B7F000001;
			isa = PBXBuildFile;
			settings = {
			};
		};
//010
//011
//012
//013
//014
//020
//021
//022
//023
//024
		02A4B434FF93A1BDD85030BD = {
			isa = PBXFrameworkReference;
			name = ScreenSaver.framework;
			path = /System/Library/Frameworks/ScreenSaver.framework;
			refType = 0;
		};
		02A4B437FF93A1BDD85030BD = {
			fileRef = 02A4B434FF93A1BDD85030BD;
			isa = PBXBuildFile;
			settings = {
			};
		};
//020
//021
//022
//023
//024
//080
//081
//082
//083
//084
		089C1669FE841209C02AAC07 = {
			buildStyles = (
				0117A9DC005D908D7F000001,
				0117A9DD005D908D7F000001,
			);
			isa = PBXProject;
			knownRegions = (
				English,
				Japanese,
				French,
				German,
				Italian,
				Spanish,
			);
			mainGroup = 089C166AFE841209C02AAC07;
			projectDirPath = "";
			targets = (
				089C1673FE841209C02AAC07,
			);
		};
		089C166AFE841209C02AAC07 = {
			children = (
				F5AE502F02D89DF601D0F61F,
				08FB77AFFE84173DC02AAC07,
				089C167CFE841241C02AAC07,
				089C1671FE841209C02AAC07,
				19C28FB8FE9D52D311CA2CBB,
			);
			isa = PBXGroup;
			name = "More Gears";
			refType = 4;
		};
		089C1671FE841209C02AAC07 = {
			children = (
				1058C7ACFEA557BF11CA2CBB,
				1058C7AEFEA557BF11CA2CBB,
			);
			isa = PBXGroup;
			name = "Frameworks and Libraries";
			refType = 4;
		};
		089C1672FE841209C02AAC07 = {
			isa = PBXFrameworkReference;
			name = Foundation.framework;
			path = /System/Library/Frameworks/Foundation.framework;
			refType = 0;
		};
		089C1673FE841209C02AAC07 = {
			buildPhases = (
				089C1674FE841209C02AAC07,
				089C1675FE841209C02AAC07,
				089C1676FE841209C02AAC07,
				089C1677FE841209C02AAC07,
				089C1679FE841209C02AAC07,
			);
			buildSettings = {
				DEBUGGING_SYMBOLS = NO;
				FRAMEWORK_SEARCH_PATHS = "";
				HEADER_SEARCH_PATHS = "";
				LIBRARY_SEARCH_PATHS = "";
				OPTIMIZATION_CFLAGS = "-O3";
				OTHER_CFLAGS = "-D__MACOSXSCREENSAVER__";
				OTHER_LDFLAGS = "";
				OTHER_REZFLAGS = "";
				PRODUCT_NAME = Flocks;
				SECTORDER_FLAGS = "";
				WARNING_CFLAGS = "-Wmost -Wno-four-char-constants -Wno-unknown-pragmas";
				WRAPPER_EXTENSION = saver;
			};
			dependencies = (
			);
			isa = PBXBundleTarget;
			name = Flocks;
			productName = Xeverywhere;
			productReference = 0117A9DB005D908D7F000001;
			productSettingsXML = "<?xml version=\"1.0\" encoding=\"UTF-8\"?>
<!DOCTYPE plist PUBLIC \"-//Apple Computer//DTD PLIST 1.0//EN\" \"http://www.apple.com/DTDs/PropertyList-1.0.dtd\">
<plist version=\"1.0\">
<dict>
	<key>CFBundleDevelopmentRegion</key>
	<string>English</string>
	<key>CFBundleGetInfoString</key>
	<string>Flocks 10.0.1</string>
	<key>CFBundleIconFile</key>
	<string></string>
	<key>CFBundleIdentifier</key>
	<string>com.demonews.reallyslick.Flocks</string>
	<key>CFBundleInfoDictionaryVersion</key>
	<string>6.0</string>
	<key>CFBundlePackageType</key>
	<string>BNDL</string>
	<key>CFBundleShortVersionString</key>
	<string>10.0.1</string>
	<key>CFBundleSignature</key>
	<string>????</string>
	<key>CFBundleVersion</key>
	<string>10.0.1</string>
	<key>NSPrincipalClass</key>
	<string></string>
</dict>
</plist>
";
			shouldUseHeadermap = 1;
		};
		089C1674FE841209C02AAC07 = {
			buildActionMask = 2147483647;
			files = (
				F5AE503202D89DF601D0F61F,
				F50EA13F02DF6EEF0105AA39,
				F50EA14202DF6F280105AA39,
			);
			isa = PBXHeadersBuildPhase;
			runOnlyForDeploymentPostprocessing = 0;
		};
		089C1675FE841209C02AAC07 = {
			buildActionMask = 2147483647;
			files = (
				F53B42EB0334930001BB867F,
				F53B42EC0334930001BB867F,
			);
			isa = PBXResourcesBuildPhase;
			runOnlyForDeploymentPostprocessing = 0;
		};
		089C1676FE841209C02AAC07 = {
			buildActionMask = 2147483647;
			files = (
				F5AE503302D89DF601D0F61F,
				F50EA13C02DF6EB20105AA39,
				F50EA14002DF6EEF0105AA39,
			);
			isa = PBXSourcesBuildPhase;
			runOnlyForDeploymentPostprocessing = 0;
		};
		089C1677FE841209C02AAC07 = {
			buildActionMask = 2147483647;
			files = (
				1058C7AFFEA557BF11CA2CBB,
				02A4B437FF93A1BDD85030BD,
				0117A9DF005D913B7F000001,
			);
			isa = PBXFrameworksBuildPhase;
			runOnlyForDeploymentPostprocessing = 0;
		};
		089C1679FE841209C02AAC07 = {
			buildActionMask = 2147483647;
			files = (
			);
			isa = PBXRezBuildPhase;
			runOnlyForDeploymentPostprocessing = 0;
		};
		089C167CFE841241C02AAC07 = {
			children = (
				F53B42E70334930001BB867F,
				F53B42E90334930001BB867F,
			);
			isa = PBXGroup;
			name = Resources;
			refType = 4;
		};
		089C167FFE841241C02AAC07 = {
			isa = PBXFrameworkReference;
			name = AppKit.framework;
			path = /System/Library/Frameworks/AppKit.framework;
			refType = 0;
		};
		08FB77AFFE84173DC02AAC07 = {
			children = (
				F5F2444102CBBD1C01AEC1CD,
				F50EA13D02DF6EEF0105AA39,
				F50EA13E02DF6EEF0105AA39,
			);
			isa = PBXGroup;
			name = Classes;
			refType = 4;
		};
//080
//081
//082
//083
//084
//100
//101
//102
//103
//104
		1058C7ACFEA557BF11CA2CBB = {
			children = (
				0117A9DE005D913B7F000001,
				1058C7ADFEA557BF11CA2CBB,
				02A4B434FF93A1BDD85030BD,
			);
			isa = PBXGroup;
			name = "Linked Frameworks";
			refType = 4;
		};
		1058C7ADFEA557BF11CA2CBB = {
			isa = PBXFrameworkReference;
			name = Cocoa.framework;
			path = /System/Library/Frameworks/Cocoa.framework;
			refType = 0;
		};
		1058C7AEFEA557BF11CA2CBB = {
			children = (
				089C1672FE841209C02AAC07,
				089C167FFE841241C02AAC07,
			);
			isa = PBXGroup;
			name = "Other Frameworks";
			refType = 4;
		};
		1058C7AFFEA557BF11CA2CBB = {
			fileRef = 1058C7ADFEA557BF11CA2CBB;
			isa = PBXBuildFile;
			settings = {
			};
		};
//100
//101
//102
//103
//104
//190
//191
//192
//193
//194
		19C28FB8FE9D52D311CA2CBB = {
			children = (
				0117A9DB005D908D7F000001,
			);
			isa = PBXGroup;
			name = Products;
			refType = 4;
		};
//190
//191
//192
//193
//194
//F50
//F51
//F52
//F53
//F54
		F50EA13B02DF6EB20105AA39 = {
			isa = PBXFileReference;
			path = Flocks.cpp;
			refType = 2;
		};
		F50EA13C02DF6EB20105AA39 = {
			fileRef = F50EA13B02DF6EB20105AA39;
			isa = PBXBuildFile;
			settings = {
			};
		};
		F50EA13D02DF6EEF0105AA39 = {
			isa = PBXFileReference;
			path = RSSFlocksSaverView.h;
			refType = 2;
		};
		F50EA13E02DF6EEF0105AA39 = {
			isa = PBXFileReference;
			path = RSSFlocksSaverView.mm;
			refType = 2;
		};
		F50EA13F02DF6EEF0105AA39 = {
			fileRef = F50EA13D02DF6EEF0105AA39;
			isa = PBXBuildFile;
			settings = {
			};
		};
		F50EA14002DF6EEF0105AA39 = {
			fileRef = F50EA13E02DF6EEF0105AA39;
			isa = PBXBuildFile;
			settings = {
			};
		};
		F50EA14102DF6F280105AA39 = {
			isa = PBXFileReference;
			path = Flocks.h;
			refType = 4;
		};
		F50EA14202DF6F280105AA39 = {
			fileRef = F50EA14102DF6F280105AA39;
			isa = PBXBuildFile;
			settings = {
			};
		};
		F53B42E70334930001BB867F = {
			children = (
				F53B42E80334930001BB867F,
				F53B42ED0334930F01BB867F,
				F5FC22840335BFA90124607D,
				F5FCAB5F033DBEA401A5A81B,
			);
			isa = PBXVariantGroup;
			name = Localizable.strings;
			path = "";
			refType = 2;
		};
		F53B42E80334930001BB867F = {
			isa = PBXFileReference;
			name = English;
			path = English.lproj/Localizable.strings;
			refType = 4;
		};
		F53B42E90334930001BB867F = {
			children = (
				F53B42EA0334930001BB867F,
				F53B42F10334B4D801BB867F,
				F5FC22830335BF9E0124607D,
				F5FCAB63033DBF4201A5A81B,
			);
			isa = PBXVariantGroup;
			name = ConfigureSheet.nib;
			path = "";
			refType = 2;
		};
		F53B42EA0334930001BB867F = {
			isa = PBXFileReference;
			name = English;
			path = English.lproj/ConfigureSheet.nib;
			refType = 4;
		};
		F53B42EB0334930001BB867F = {
			fileRef = F53B42E70334930001BB867F;
			isa = PBXBuildFile;
			settings = {
			};
		};
		F53B42EC0334930001BB867F = {
			fileRef = F53B42E90334930001BB867F;
			isa = PBXBuildFile;
			settings = {
			};
		};
		F53B42ED0334930F01BB867F = {
			isa = PBXFileReference;
			name = French;
			path = French.lproj/Localizable.strings;
			refType = 4;
		};
		F53B42F10334B4D801BB867F = {
			isa = PBXFileReference;
			name = French;
			path = French.lproj/ConfigureSheet.nib;
			refType = 4;
		};
		F5AE502F02D89DF601D0F61F = {
			children = (
				F5AE503102D89DF601D0F61F,
				F5AE503002D89DF601D0F61F,
			);
			isa = PBXGroup;
			name = "Common Sources";
			path = "";
			refType = 4;
		};
		F5AE503002D89DF601D0F61F = {
			isa = PBXFileReference;
			name = rgbhsl.cpp;
			path = ../rgbhsl/rgbhsl.cpp;
			refType = 2;
		};
		F5AE503102D89DF601D0F61F = {
			isa = PBXFileReference;
			name = rgbhsl.h;
			path = ../rgbhsl/rgbhsl.h;
			refType = 2;
		};
		F5AE503202D89DF601D0F61F = {
			fileRef = F5AE503102D89DF601D0F61F;
			isa = PBXBuildFile;
			settings = {
			};
		};
		F5AE503302D89DF601D0F61F = {
			fileRef = F5AE503002D89DF601D0F61F;
			isa = PBXBuildFile;
			settings = {
			};
		};
		F5F2444102CBBD1C01AEC1CD = {
			children = (
				F50EA14102DF6F280105AA39,
				F50EA13B02DF6EB20105AA39,
			);
			isa = PBXGroup;
			name = "C++ code";
			refType = 4;
		};
		F5FC22830335BF9E0124607D = {
			isa = PBXFileReference;
			name = Italian;
			path = Italian.lproj/ConfigureSheet.nib;
			refType = 4;
		};
		F5FC22840335BFA90124607D = {
			isa = PBXFileReference;
			name = Italian;
			path = Italian.lproj/Localizable.strings;
			refType = 4;
		};
		F5FCAB5F033DBEA401A5A81B = {
			isa = PBXFileReference;
			name = Spanish;
			path = Spanish.lproj/Localizable.strings;
			refType = 4;
		};
		F5FCAB63033DBF4201A5A81B = {
			isa = PBXFileReference;
			name = Spanish;
			path = Spanish.lproj/ConfigureSheet.nib;
			refType = 4;
		};
	};
	rootObject = 089C1669FE841209C02AAC07;
}
