// !$*UTF8*$!
{
	archiveVersion = 1;
	classes = {
	};
	objectVersion = 38;
	objects = {
		0117A9DB005D908D7F000001 = {
			isa = PBXBundleReference;
			path = Lattice.saver;
			refType = 3;
		};
		0117A9DC005D908D7F000001 = {
			buildRules = (
			);
			buildSettings = {
				COPY_PHASE_STRIP = NO;
				OPTIMIZATION_CFLAGS = "-O0";
			};
			isa = PBXBuildStyle;
			name = Development;
		};
		0117A9DD005D908D7F000001 = {
			buildRules = (
			);
			buildSettings = {
				COPY_PHASE_STRIP = YES;
			};
			isa = PBXBuildStyle;
			name = Deployment;
		};
		0117A9DE005D913B7F000001 = {
			isa = PBXFrameworkReference;
			name = OpenGL.framework;
			path = /System/Library/Frameworks/OpenGL.framework;
			refType = 0;
		};
		0117A9DF005D913B7F000001 = {
			fileRef = 0117A9DE005D913B7F000001;
			isa = PBXBuildFile;
			settings = {
			};
		};
//010
//011
//012
//013
//014
//020
//021
//022
//023
//024
		02A4B434FF93A1BDD85030BD = {
			isa = PBXFrameworkReference;
			name = ScreenSaver.framework;
			path = /System/Library/Frameworks/ScreenSaver.framework;
			refType = 0;
		};
		02A4B437FF93A1BDD85030BD = {
			fileRef = 02A4B434FF93A1BDD85030BD;
			isa = PBXBuildFile;
			settings = {
			};
		};
//020
//021
//022
//023
//024
//080
//081
//082
//083
//084
		089C1669FE841209C02AAC07 = {
			buildStyles = (
				0117A9DC005D908D7F000001,
				0117A9DD005D908D7F000001,
			);
			isa = PBXProject;
			knownRegions = (
				English,
				Japanese,
				French,
				German,
				Italian,
				sv,
			);
			mainGroup = 089C166AFE841209C02AAC07;
			projectDirPath = "";
			targets = (
				089C1673FE841209C02AAC07,
			);
		};
		089C166AFE841209C02AAC07 = {
			children = (
				F5094FC40338E330018C66D5,
				08FB77AFFE84173DC02AAC07,
				089C167CFE841241C02AAC07,
				089C1671FE841209C02AAC07,
				19C28FB8FE9D52D311CA2CBB,
			);
			isa = PBXGroup;
			name = "More Gears";
			refType = 4;
		};
		089C1671FE841209C02AAC07 = {
			children = (
				1058C7ACFEA557BF11CA2CBB,
				1058C7AEFEA557BF11CA2CBB,
			);
			isa = PBXGroup;
			name = "Frameworks and Libraries";
			refType = 4;
		};
		089C1672FE841209C02AAC07 = {
			isa = PBXFrameworkReference;
			name = Foundation.framework;
			path = /System/Library/Frameworks/Foundation.framework;
			refType = 0;
		};
		089C1673FE841209C02AAC07 = {
			buildPhases = (
				089C1674FE841209C02AAC07,
				089C1675FE841209C02AAC07,
				089C1676FE841209C02AAC07,
				089C1677FE841209C02AAC07,
				089C1679FE841209C02AAC07,
			);
			buildSettings = {
				DEBUGGING_SYMBOLS = NO;
				FRAMEWORK_SEARCH_PATHS = "";
				HEADER_SEARCH_PATHS = "";
				LIBRARY_SEARCH_PATHS = "";
				OPTIMIZATION_CFLAGS = "-O3";
				OTHER_CFLAGS = "-D__MACOSXSCREENSAVER__";
				OTHER_LDFLAGS = "";
				OTHER_REZFLAGS = "";
				PRODUCT_NAME = Lattice;
				SECTORDER_FLAGS = "";
				WARNING_CFLAGS = "-Wmost -Wno-four-char-constants -Wno-unknown-pragmas";
				WRAPPER_EXTENSION = saver;
			};
			dependencies = (
			);
			isa = PBXBundleTarget;
			name = Lattice;
			productName = Xeverywhere;
			productReference = 0117A9DB005D908D7F000001;
			productSettingsXML = "<?xml version=\"1.0\" encoding=\"UTF-8\"?>
<!DOCTYPE plist PUBLIC \"-//Apple Computer//DTD PLIST 1.0//EN\" \"http://www.apple.com/DTDs/PropertyList-1.0.dtd\">
<plist version=\"1.0\">
<dict>
	<key>CFBundleDevelopmentRegion</key>
	<string>English</string>
	<key>CFBundleGetInfoString</key>
	<string>Lattice 10.0</string>
	<key>CFBundleIconFile</key>
	<string></string>
	<key>CFBundleIdentifier</key>
	<string>com.demonews.reallyslick.Lattice</string>
	<key>CFBundleInfoDictionaryVersion</key>
	<string>6.0</string>
	<key>CFBundlePackageType</key>
	<string>BNDL</string>
	<key>CFBundleShortVersionString</key>
	<string>10.0</string>
	<key>CFBundleSignature</key>
	<string>????</string>
	<key>CFBundleVersion</key>
	<string>10.0</string>
	<key>NSPrincipalClass</key>
	<string></string>
</dict>
</plist>
";
			shouldUseHeadermap = 1;
		};
		089C1674FE841209C02AAC07 = {
			buildActionMask = 2147483647;
			files = (
				F5094FBF0338DDBF018C66D5,
				F5094FC20338DE4D018C66D5,
				F58C7B7F035E061501CE8459,
				F58C7B83035E06F101CE8459,
				F5A5B0ED035E0B5E01DB2870,
				F5DF3971035E12870132F5D9,
				F5DF3974035E12870132F5D9,
				F5DF397A035E12870132F5D9,
			);
			isa = PBXHeadersBuildPhase;
			runOnlyForDeploymentPostprocessing = 0;
		};
		089C1675FE841209C02AAC07 = {
			buildActionMask = 2147483647;
			files = (
				F570A52A035F5B50011E449F,
				F570A52D035F5B54011E449F,
			);
			isa = PBXResourcesBuildPhase;
			runOnlyForDeploymentPostprocessing = 0;
		};
		089C1676FE841209C02AAC07 = {
			buildActionMask = 2147483647;
			files = (
				F5094FC30338DE4D018C66D5,
				F58C7B7D035E061001CE8459,
				F58C7B81035E061D01CE8459,
				F5A5B0EE035E0B5E01DB2870,
				F5DF3978035E12870132F5D9,
				F5DF3979035E12870132F5D9,
				F5DF397B035E12870132F5D9,
			);
			isa = PBXSourcesBuildPhase;
			runOnlyForDeploymentPostprocessing = 0;
		};
		089C1677FE841209C02AAC07 = {
			buildActionMask = 2147483647;
			files = (
				1058C7AFFEA557BF11CA2CBB,
				02A4B437FF93A1BDD85030BD,
				0117A9DF005D913B7F000001,
			);
			isa = PBXFrameworksBuildPhase;
			runOnlyForDeploymentPostprocessing = 0;
		};
		089C1679FE841209C02AAC07 = {
			buildActionMask = 2147483647;
			files = (
			);
			isa = PBXRezBuildPhase;
			runOnlyForDeploymentPostprocessing = 0;
		};
		089C167CFE841241C02AAC07 = {
			children = (
				F570A52B035F5B54011E449F,
				F570A528035F5B4F011E449F,
			);
			isa = PBXGroup;
			name = Resources;
			refType = 4;
		};
		089C167FFE841241C02AAC07 = {
			isa = PBXFrameworkReference;
			name = AppKit.framework;
			path = /System/Library/Frameworks/AppKit.framework;
			refType = 0;
		};
		08FB77AFFE84173DC02AAC07 = {
			children = (
				F5094FBE0338DDBF018C66D5,
				F5F2444102CBBD1C01AEC1CD,
				F5A5B0EB035E0B5E01DB2870,
				F5A5B0EC035E0B5E01DB2870,
			);
			isa = PBXGroup;
			name = Classes;
			refType = 4;
		};
//080
//081
//082
//083
//084
//100
//101
//102
//103
//104
		1058C7ACFEA557BF11CA2CBB = {
			children = (
				0117A9DE005D913B7F000001,
				1058C7ADFEA557BF11CA2CBB,
				02A4B434FF93A1BDD85030BD,
			);
			isa = PBXGroup;
			name = "Linked Frameworks";
			refType = 4;
		};
		1058C7ADFEA557BF11CA2CBB = {
			isa = PBXFrameworkReference;
			name = Cocoa.framework;
			path = /System/Library/Frameworks/Cocoa.framework;
			refType = 0;
		};
		1058C7AEFEA557BF11CA2CBB = {
			children = (
				089C1672FE841209C02AAC07,
				089C167FFE841241C02AAC07,
			);
			isa = PBXGroup;
			name = "Other Frameworks";
			refType = 4;
		};
		1058C7AFFEA557BF11CA2CBB = {
			fileRef = 1058C7ADFEA557BF11CA2CBB;
			isa = PBXBuildFile;
			settings = {
			};
		};
//100
//101
//102
//103
//104
//190
//191
//192
//193
//194
		19C28FB8FE9D52D311CA2CBB = {
			children = (
				0117A9DB005D908D7F000001,
			);
			isa = PBXGroup;
			name = Products;
			refType = 4;
		};
//190
//191
//192
//193
//194
//F50
//F51
//F52
//F53
//F54
		F5094FBE0338DDBF018C66D5 = {
			isa = PBXFileReference;
			path = resource.h;
			refType = 2;
		};
		F5094FBF0338DDBF018C66D5 = {
			fileRef = F5094FBE0338DDBF018C66D5;
			isa = PBXBuildFile;
			settings = {
			};
		};
		F5094FC00338DE4D018C66D5 = {
			isa = PBXFileReference;
			name = rgbhsl.h;
			path = /Users/stephane/Projets/ReallySlickSourceCode/rgbhsl/rgbhsl.h;
			refType = 0;
		};
		F5094FC10338DE4D018C66D5 = {
			isa = PBXFileReference;
			name = rgbhsl.cpp;
			path = /Users/stephane/Projets/ReallySlickSourceCode/rgbhsl/rgbhsl.cpp;
			refType = 0;
		};
		F5094FC20338DE4D018C66D5 = {
			fileRef = F5094FC00338DE4D018C66D5;
			isa = PBXBuildFile;
			settings = {
			};
		};
		F5094FC30338DE4D018C66D5 = {
			fileRef = F5094FC10338DE4D018C66D5;
			isa = PBXBuildFile;
			settings = {
			};
		};
		F5094FC40338E330018C66D5 = {
			children = (
				F5DF3963035E12870132F5D9,
				F5094FC50338E330018C66D5,
			);
			isa = PBXGroup;
			name = "Classes Utilities";
			path = "";
			refType = 4;
		};
		F5094FC50338E330018C66D5 = {
			children = (
				F5094FC00338DE4D018C66D5,
				F5094FC10338DE4D018C66D5,
			);
			isa = PBXGroup;
			name = rgbhsl;
			path = "";
			refType = 4;
		};
		F570A528035F5B4F011E449F = {
			children = (
				F570A529035F5B4F011E449F,
				F58692DE0372B074018FF537,
				F58692E00372B0ED018FF537,
				F592F7090382FFC0015143E6,
			);
			isa = PBXVariantGroup;
			name = ConfigureSheet.nib;
			path = "";
			refType = 2;
		};
		F570A529035F5B4F011E449F = {
			isa = PBXFileReference;
			name = English;
			path = English.lproj/ConfigureSheet.nib;
			refType = 4;
		};
		F570A52A035F5B50011E449F = {
			fileRef = F570A528035F5B4F011E449F;
			isa = PBXBuildFile;
			settings = {
			};
		};
		F570A52B035F5B54011E449F = {
			children = (
				F570A52C035F5B54011E449F,
				F58692DF0372B08A018FF537,
				F58692E10372B104018FF537,
				F592F70A0382FFD1015143E6,
			);
			isa = PBXVariantGroup;
			name = Localizable.strings;
			path = "";
			refType = 2;
		};
		F570A52C035F5B54011E449F = {
			isa = PBXFileReference;
			name = English;
			path = English.lproj/Localizable.strings;
			refType = 4;
		};
		F570A52D035F5B54011E449F = {
			fileRef = F570A52B035F5B54011E449F;
			isa = PBXBuildFile;
			settings = {
			};
		};
		F58692DE0372B074018FF537 = {
			isa = PBXFileReference;
			name = Italian;
			path = Italian.lproj/ConfigureSheet.nib;
			refType = 4;
		};
		F58692DF0372B08A018FF537 = {
			isa = PBXFileReference;
			name = Italian;
			path = Italian.lproj/Localizable.strings;
			refType = 4;
		};
		F58692E00372B0ED018FF537 = {
			isa = PBXFileReference;
			name = French;
			path = French.lproj/ConfigureSheet.nib;
			refType = 4;
		};
		F58692E10372B104018FF537 = {
			isa = PBXFileReference;
			name = French;
			path = French.lproj/Localizable.strings;
			refType = 4;
		};
		F58C7B7C035E061001CE8459 = {
			isa = PBXFileReference;
			path = camera.cpp;
			refType = 2;
		};
		F58C7B7D035E061001CE8459 = {
			fileRef = F58C7B7C035E061001CE8459;
			isa = PBXBuildFile;
			settings = {
			};
		};
		F58C7B7E035E061501CE8459 = {
			isa = PBXFileReference;
			path = camera.h;
			refType = 2;
		};
		F58C7B7F035E061501CE8459 = {
			fileRef = F58C7B7E035E061501CE8459;
			isa = PBXBuildFile;
			settings = {
			};
		};
		F58C7B80035E061D01CE8459 = {
			isa = PBXFileReference;
			path = Lattice.cpp;
			refType = 2;
		};
		F58C7B81035E061D01CE8459 = {
			fileRef = F58C7B80035E061D01CE8459;
			isa = PBXBuildFile;
			settings = {
			};
		};
		F58C7B82035E06F101CE8459 = {
			isa = PBXFileReference;
			path = Lattice.h;
			refType = 4;
		};
		F58C7B83035E06F101CE8459 = {
			fileRef = F58C7B82035E06F101CE8459;
			isa = PBXBuildFile;
			settings = {
			};
		};
		F592F7090382FFC0015143E6 = {
			isa = PBXFileReference;
			name = sv;
			path = sv.lproj/ConfigureSheet.nib;
			refType = 2;
		};
		F592F70A0382FFD1015143E6 = {
			isa = PBXFileReference;
			name = sv;
			path = sv.lproj/Localizable.strings;
			refType = 2;
		};
		F5A5B0EB035E0B5E01DB2870 = {
			isa = PBXFileReference;
			path = RSSLatticeSaverView.h;
			refType = 2;
		};
		F5A5B0EC035E0B5E01DB2870 = {
			isa = PBXFileReference;
			path = RSSLatticeSaverView.mm;
			refType = 2;
		};
		F5A5B0ED035E0B5E01DB2870 = {
			fileRef = F5A5B0EB035E0B5E01DB2870;
			isa = PBXBuildFile;
			settings = {
			};
		};
		F5A5B0EE035E0B5E01DB2870 = {
			fileRef = F5A5B0EC035E0B5E01DB2870;
			isa = PBXBuildFile;
			settings = {
			};
		};
		F5DF3963035E12870132F5D9 = {
			children = (
				F5DF3965035E12870132F5D9,
				F5DF3968035E12870132F5D9,
				F5DF396C035E12870132F5D9,
				F5DF396D035E12870132F5D9,
				F5DF396E035E12870132F5D9,
				F5DF396F035E12870132F5D9,
			);
			isa = PBXGroup;
			name = rsMath;
			path = ../rsMath;
			refType = 2;
		};
		F5DF3965035E12870132F5D9 = {
			isa = PBXFileReference;
			path = rsDefines.h;
			refType = 4;
		};
		F5DF3968035E12870132F5D9 = {
			isa = PBXFileReference;
			path = rsMath.h;
			refType = 4;
		};
		F5DF396C035E12870132F5D9 = {
			isa = PBXFileReference;
			path = rsMatrix.cpp;
			refType = 4;
		};
		F5DF396D035E12870132F5D9 = {
			isa = PBXFileReference;
			path = rsQuat.cpp;
			refType = 4;
		};
		F5DF396E035E12870132F5D9 = {
			isa = PBXFileReference;
			path = rsRand.h;
			refType = 4;
		};
		F5DF396F035E12870132F5D9 = {
			isa = PBXFileReference;
			path = rsVec.cpp;
			refType = 4;
		};
		F5DF3971035E12870132F5D9 = {
			fileRef = F5DF3965035E12870132F5D9;
			isa = PBXBuildFile;
			settings = {
			};
		};
		F5DF3974035E12870132F5D9 = {
			fileRef = F5DF3968035E12870132F5D9;
			isa = PBXBuildFile;
			settings = {
			};
		};
		F5DF3978035E12870132F5D9 = {
			fileRef = F5DF396C035E12870132F5D9;
			isa = PBXBuildFile;
			settings = {
			};
		};
		F5DF3979035E12870132F5D9 = {
			fileRef = F5DF396D035E12870132F5D9;
			isa = PBXBuildFile;
			settings = {
			};
		};
		F5DF397A035E12870132F5D9 = {
			fileRef = F5DF396E035E12870132F5D9;
			isa = PBXBuildFile;
			settings = {
			};
		};
		F5DF397B035E12870132F5D9 = {
			fileRef = F5DF396F035E12870132F5D9;
			isa = PBXBuildFile;
			settings = {
			};
		};
		F5F2444102CBBD1C01AEC1CD = {
			children = (
				F58C7B7E035E061501CE8459,
				F58C7B7C035E061001CE8459,
				F58C7B82035E06F101CE8459,
				F58C7B80035E061D01CE8459,
			);
			isa = PBXGroup;
			name = "C++ code";
			refType = 4;
		};
	};
	rootObject = 089C1669FE841209C02AAC07;
}
